
Microsoft Visual Studio Solution File, Format Version 12.00
# Visual Studio 15
VisualStudioVersion = 15.0.28307.2092
MinimumVisualStudioVersion = 10.0.40219.1
Project("{FAE04EC0-301F-11D3-BF4B-00C04F79EFBC}") = "Exercicio_07", "Exercicio_07\Exercicio_07.csproj", "{216668C1-B8F9-4998-B5F4-D51103167748}"
EndProject
Global
	GlobalSection(SolutionConfigurationPlatforms) = preSolution
		Debug|Any CPU = Debug|Any CPU
		Release|Any CPU = Release|Any CPU
	EndGlobalSection
	GlobalSection(ProjectConfigurationPlatforms) = postSolution
		{216668C1-B8F9-4998-B5F4-D51103167748}.Debug|Any CPU.ActiveCfg = Debug|Any CPU
		{216668C1-B8F9-4998-B5F4-D51103167748}.Debug|Any CPU.Build.0 = Debug|Any CPU
		{216668C1-B8F9-4998-B5F4-D51103167748}.Release|Any CPU.ActiveCfg = Release|Any CPU
		{216668C1-B8F9-4998-B5F4-D51103167748}.Release|Any CPU.Build.0 = Release|Any CPU
	EndGlobalSection
	GlobalSection(SolutionProperties) = preSolution
		HideSolutionNode = FALSE
	EndGlobalSection
	GlobalSection(ExtensibilityGlobals) = postSolution
		SolutionGuid = {680B77C3-739B-46A0-A780-6F7082B6D592}
	EndGlobalSection
EndGlobal
