
Microsoft Visual Studio Solution File, Format Version 12.00
# Visual Studio Version 16
VisualStudioVersion = 16.0.30503.244
MinimumVisualStudioVersion = 10.0.40219.1
Project("{FAE04EC0-301F-11D3-BF4B-00C04F79EFBC}") = "Exercicio1_Objetos", "Exercicio1_Objetos\Exercicio1_Objetos.csproj", "{683A3495-CD93-4215-88CE-06BB4A0671B4}"
EndProject
Global
	GlobalSection(SolutionConfigurationPlatforms) = preSolution
		Debug|Any CPU = Debug|Any CPU
		Release|Any CPU = Release|Any CPU
	EndGlobalSection
	GlobalSection(ProjectConfigurationPlatforms) = postSolution
		{683A3495-CD93-4215-88CE-06BB4A0671B4}.Debug|Any CPU.ActiveCfg = Debug|Any CPU
		{683A3495-CD93-4215-88CE-06BB4A0671B4}.Debug|Any CPU.Build.0 = Debug|Any CPU
		{683A3495-CD93-4215-88CE-06BB4A0671B4}.Release|Any CPU.ActiveCfg = Release|Any CPU
		{683A3495-CD93-4215-88CE-06BB4A0671B4}.Release|Any CPU.Build.0 = Release|Any CPU
	EndGlobalSection
	GlobalSection(SolutionProperties) = preSolution
		HideSolutionNode = FALSE
	EndGlobalSection
	GlobalSection(ExtensibilityGlobals) = postSolution
		SolutionGuid = {CC81AB53-A8DE-4B28-A300-51EEEDFC89E3}
	EndGlobalSection
EndGlobal
