
Microsoft Visual Studio Solution File, Format Version 12.00
# Visual Studio 15
VisualStudioVersion = 15.0.28307.2092
MinimumVisualStudioVersion = 10.0.40219.1
Project("{FAE04EC0-301F-11D3-BF4B-00C04F79EFBC}") = "Exercicio11_Lista", "Exercicio11_Lista\Exercicio11_Lista.csproj", "{1812F1A1-160A-4C44-A43F-38272122C5C7}"
EndProject
Global
	GlobalSection(SolutionConfigurationPlatforms) = preSolution
		Debug|Any CPU = Debug|Any CPU
		Release|Any CPU = Release|Any CPU
	EndGlobalSection
	GlobalSection(ProjectConfigurationPlatforms) = postSolution
		{1812F1A1-160A-4C44-A43F-38272122C5C7}.Debug|Any CPU.ActiveCfg = Debug|Any CPU
		{1812F1A1-160A-4C44-A43F-38272122C5C7}.Debug|Any CPU.Build.0 = Debug|Any CPU
		{1812F1A1-160A-4C44-A43F-38272122C5C7}.Release|Any CPU.ActiveCfg = Release|Any CPU
		{1812F1A1-160A-4C44-A43F-38272122C5C7}.Release|Any CPU.Build.0 = Release|Any CPU
	EndGlobalSection
	GlobalSection(SolutionProperties) = preSolution
		HideSolutionNode = FALSE
	EndGlobalSection
	GlobalSection(ExtensibilityGlobals) = postSolution
		SolutionGuid = {AEE076B9-4E55-4BB5-9578-C96ED1FBD033}
	EndGlobalSection
EndGlobal
