
Microsoft Visual Studio Solution File, Format Version 12.00
# Visual Studio Version 17
VisualStudioVersion = 17.2.32630.192
MinimumVisualStudioVersion = 10.0.40219.1
Project("{FAE04EC0-301F-11D3-BF4B-00C04F79EFBC}") = "Exercicio8-Lista", "Exercicio8-Lista\Exercicio8-Lista.csproj", "{88C49F71-E62F-445F-955D-D809C878A34D}"
EndProject
Global
	GlobalSection(SolutionConfigurationPlatforms) = preSolution
		Debug|Any CPU = Debug|Any CPU
		Release|Any CPU = Release|Any CPU
	EndGlobalSection
	GlobalSection(ProjectConfigurationPlatforms) = postSolution
		{88C49F71-E62F-445F-955D-D809C878A34D}.Debug|Any CPU.ActiveCfg = Debug|Any CPU
		{88C49F71-E62F-445F-955D-D809C878A34D}.Debug|Any CPU.Build.0 = Debug|Any CPU
		{88C49F71-E62F-445F-955D-D809C878A34D}.Release|Any CPU.ActiveCfg = Release|Any CPU
		{88C49F71-E62F-445F-955D-D809C878A34D}.Release|Any CPU.Build.0 = Release|Any CPU
	EndGlobalSection
	GlobalSection(SolutionProperties) = preSolution
		HideSolutionNode = FALSE
	EndGlobalSection
	GlobalSection(ExtensibilityGlobals) = postSolution
		SolutionGuid = {E8454992-6988-4501-9910-4331A5FBBD74}
	EndGlobalSection
EndGlobal
