
Microsoft Visual Studio Solution File, Format Version 12.00
# Visual Studio 15
VisualStudioVersion = 15.0.28307.2092
MinimumVisualStudioVersion = 10.0.40219.1
Project("{FAE04EC0-301F-11D3-BF4B-00C04F79EFBC}") = "Exercicio2", "Exercicio2\Exercicio2.csproj", "{37F87750-FDF5-4553-B4A9-9749009C146B}"
EndProject
Global
	GlobalSection(SolutionConfigurationPlatforms) = preSolution
		Debug|Any CPU = Debug|Any CPU
		Release|Any CPU = Release|Any CPU
	EndGlobalSection
	GlobalSection(ProjectConfigurationPlatforms) = postSolution
		{37F87750-FDF5-4553-B4A9-9749009C146B}.Debug|Any CPU.ActiveCfg = Debug|Any CPU
		{37F87750-FDF5-4553-B4A9-9749009C146B}.Debug|Any CPU.Build.0 = Debug|Any CPU
		{37F87750-FDF5-4553-B4A9-9749009C146B}.Release|Any CPU.ActiveCfg = Release|Any CPU
		{37F87750-FDF5-4553-B4A9-9749009C146B}.Release|Any CPU.Build.0 = Release|Any CPU
	EndGlobalSection
	GlobalSection(SolutionProperties) = preSolution
		HideSolutionNode = FALSE
	EndGlobalSection
	GlobalSection(ExtensibilityGlobals) = postSolution
		SolutionGuid = {C3489188-AD33-40B2-91B0-8DD873767B21}
	EndGlobalSection
EndGlobal
