
Microsoft Visual Studio Solution File, Format Version 12.00
# Visual Studio Version 16
VisualStudioVersion = 16.0.30503.244
MinimumVisualStudioVersion = 10.0.40219.1
Project("{FAE04EC0-301F-11D3-BF4B-00C04F79EFBC}") = "Exercicio1_Lista", "Exercicio1_Lista\Exercicio1_Lista.csproj", "{7A979C70-C5F6-4152-93C0-F600B8760369}"
EndProject
Global
	GlobalSection(SolutionConfigurationPlatforms) = preSolution
		Debug|Any CPU = Debug|Any CPU
		Release|Any CPU = Release|Any CPU
	EndGlobalSection
	GlobalSection(ProjectConfigurationPlatforms) = postSolution
		{7A979C70-C5F6-4152-93C0-F600B8760369}.Debug|Any CPU.ActiveCfg = Debug|Any CPU
		{7A979C70-C5F6-4152-93C0-F600B8760369}.Debug|Any CPU.Build.0 = Debug|Any CPU
		{7A979C70-C5F6-4152-93C0-F600B8760369}.Release|Any CPU.ActiveCfg = Release|Any CPU
		{7A979C70-C5F6-4152-93C0-F600B8760369}.Release|Any CPU.Build.0 = Release|Any CPU
	EndGlobalSection
	GlobalSection(SolutionProperties) = preSolution
		HideSolutionNode = FALSE
	EndGlobalSection
	GlobalSection(ExtensibilityGlobals) = postSolution
		SolutionGuid = {1EB25FB1-DFEC-4F54-9B58-DE1B3FA95B1F}
	EndGlobalSection
EndGlobal
