
Microsoft Visual Studio Solution File, Format Version 12.00
# Visual Studio Version 16
VisualStudioVersion = 16.0.30503.244
MinimumVisualStudioVersion = 10.0.40219.1
Project("{FAE04EC0-301F-11D3-BF4B-00C04F79EFBC}") = "Exercicio4", "Exercicio4\Exercicio4.csproj", "{11DC0294-0F4E-485E-B257-73F0B325F7E0}"
EndProject
Global
	GlobalSection(SolutionConfigurationPlatforms) = preSolution
		Debug|Any CPU = Debug|Any CPU
		Release|Any CPU = Release|Any CPU
	EndGlobalSection
	GlobalSection(ProjectConfigurationPlatforms) = postSolution
		{11DC0294-0F4E-485E-B257-73F0B325F7E0}.Debug|Any CPU.ActiveCfg = Debug|Any CPU
		{11DC0294-0F4E-485E-B257-73F0B325F7E0}.Debug|Any CPU.Build.0 = Debug|Any CPU
		{11DC0294-0F4E-485E-B257-73F0B325F7E0}.Release|Any CPU.ActiveCfg = Release|Any CPU
		{11DC0294-0F4E-485E-B257-73F0B325F7E0}.Release|Any CPU.Build.0 = Release|Any CPU
	EndGlobalSection
	GlobalSection(SolutionProperties) = preSolution
		HideSolutionNode = FALSE
	EndGlobalSection
	GlobalSection(ExtensibilityGlobals) = postSolution
		SolutionGuid = {5FAF0049-FDF6-4EFF-A1C4-88E0D048E85B}
	EndGlobalSection
EndGlobal
