
Microsoft Visual Studio Solution File, Format Version 12.00
# Visual Studio Version 16
VisualStudioVersion = 16.0.30503.244
MinimumVisualStudioVersion = 10.0.40219.1
Project("{FAE04EC0-301F-11D3-BF4B-00C04F79EFBC}") = "Exercicio_02", "Exercicio_02\Exercicio_02.csproj", "{CCA967C1-3372-4D58-B8A6-1642B66B407F}"
EndProject
Global
	GlobalSection(SolutionConfigurationPlatforms) = preSolution
		Debug|Any CPU = Debug|Any CPU
		Release|Any CPU = Release|Any CPU
	EndGlobalSection
	GlobalSection(ProjectConfigurationPlatforms) = postSolution
		{CCA967C1-3372-4D58-B8A6-1642B66B407F}.Debug|Any CPU.ActiveCfg = Debug|Any CPU
		{CCA967C1-3372-4D58-B8A6-1642B66B407F}.Debug|Any CPU.Build.0 = Debug|Any CPU
		{CCA967C1-3372-4D58-B8A6-1642B66B407F}.Release|Any CPU.ActiveCfg = Release|Any CPU
		{CCA967C1-3372-4D58-B8A6-1642B66B407F}.Release|Any CPU.Build.0 = Release|Any CPU
	EndGlobalSection
	GlobalSection(SolutionProperties) = preSolution
		HideSolutionNode = FALSE
	EndGlobalSection
	GlobalSection(ExtensibilityGlobals) = postSolution
		SolutionGuid = {6F1C6C70-C363-4609-87C8-EAF38372B08B}
	EndGlobalSection
EndGlobal
