
Microsoft Visual Studio Solution File, Format Version 12.00
# Blend for Visual Studio Version 16
VisualStudioVersion = 16.0.32630.194
MinimumVisualStudioVersion = 10.0.40219.1
Project("{FAE04EC0-301F-11D3-BF4B-00C04F79EFBC}") = "Exercicio7_lista", "Exercicio7_lista\Exercicio7_lista.csproj", "{10A6793D-A78A-48B0-95AC-83110439FDD8}"
EndProject
Global
	GlobalSection(SolutionConfigurationPlatforms) = preSolution
		Debug|Any CPU = Debug|Any CPU
		Release|Any CPU = Release|Any CPU
	EndGlobalSection
	GlobalSection(ProjectConfigurationPlatforms) = postSolution
		{10A6793D-A78A-48B0-95AC-83110439FDD8}.Debug|Any CPU.ActiveCfg = Debug|Any CPU
		{10A6793D-A78A-48B0-95AC-83110439FDD8}.Debug|Any CPU.Build.0 = Debug|Any CPU
		{10A6793D-A78A-48B0-95AC-83110439FDD8}.Release|Any CPU.ActiveCfg = Release|Any CPU
		{10A6793D-A78A-48B0-95AC-83110439FDD8}.Release|Any CPU.Build.0 = Release|Any CPU
	EndGlobalSection
	GlobalSection(SolutionProperties) = preSolution
		HideSolutionNode = FALSE
	EndGlobalSection
	GlobalSection(ExtensibilityGlobals) = postSolution
		SolutionGuid = {1BE4A06F-6612-445C-8C68-CB151A6185D8}
	EndGlobalSection
EndGlobal
