
Microsoft Visual Studio Solution File, Format Version 12.00
# Visual Studio Version 16
VisualStudioVersion = 16.0.30503.244
MinimumVisualStudioVersion = 10.0.40219.1
Project("{FAE04EC0-301F-11D3-BF4B-00C04F79EFBC}") = "Exercicio2", "Exercicio2\Exercicio2.csproj", "{B880153A-5217-412C-A15C-1B983FEA0A82}"
EndProject
Global
	GlobalSection(SolutionConfigurationPlatforms) = preSolution
		Debug|Any CPU = Debug|Any CPU
		Release|Any CPU = Release|Any CPU
	EndGlobalSection
	GlobalSection(ProjectConfigurationPlatforms) = postSolution
		{B880153A-5217-412C-A15C-1B983FEA0A82}.Debug|Any CPU.ActiveCfg = Debug|Any CPU
		{B880153A-5217-412C-A15C-1B983FEA0A82}.Debug|Any CPU.Build.0 = Debug|Any CPU
		{B880153A-5217-412C-A15C-1B983FEA0A82}.Release|Any CPU.ActiveCfg = Release|Any CPU
		{B880153A-5217-412C-A15C-1B983FEA0A82}.Release|Any CPU.Build.0 = Release|Any CPU
	EndGlobalSection
	GlobalSection(SolutionProperties) = preSolution
		HideSolutionNode = FALSE
	EndGlobalSection
	GlobalSection(ExtensibilityGlobals) = postSolution
		SolutionGuid = {09712590-3F5B-4712-868D-CEA64079DB3B}
	EndGlobalSection
EndGlobal
