
Microsoft Visual Studio Solution File, Format Version 12.00
# Visual Studio Version 17
VisualStudioVersion = 17.3.32922.545
MinimumVisualStudioVersion = 10.0.40219.1
Project("{FAE04EC0-301F-11D3-BF4B-00C04F79EFBC}") = "Exercicio_Revisao", "Exercicio_Revisao\Exercicio_Revisao.csproj", "{B223A0DE-E4B2-43A5-9A60-BA8A2113B507}"
EndProject
Global
	GlobalSection(SolutionConfigurationPlatforms) = preSolution
		Debug|Any CPU = Debug|Any CPU
		Release|Any CPU = Release|Any CPU
	EndGlobalSection
	GlobalSection(ProjectConfigurationPlatforms) = postSolution
		{B223A0DE-E4B2-43A5-9A60-BA8A2113B507}.Debug|Any CPU.ActiveCfg = Debug|Any CPU
		{B223A0DE-E4B2-43A5-9A60-BA8A2113B507}.Debug|Any CPU.Build.0 = Debug|Any CPU
		{B223A0DE-E4B2-43A5-9A60-BA8A2113B507}.Release|Any CPU.ActiveCfg = Release|Any CPU
		{B223A0DE-E4B2-43A5-9A60-BA8A2113B507}.Release|Any CPU.Build.0 = Release|Any CPU
	EndGlobalSection
	GlobalSection(SolutionProperties) = preSolution
		HideSolutionNode = FALSE
	EndGlobalSection
	GlobalSection(ExtensibilityGlobals) = postSolution
		SolutionGuid = {D28ADCBB-F2E7-421B-AB0E-2E9E397E2412}
	EndGlobalSection
EndGlobal
